
Microsoft Visual Studio Solution File, Format Version 12.00
# Visual Studio Version 17
VisualStudioVersion = 17.12.35707.178 d17.12
MinimumVisualStudioVersion = 10.0.40219.1
Project("{FAE04EC0-301F-11D3-BF4B-00C04F79EFBC}") = "Driving_License_Management", "Driving_License_Management.csproj", "{935D0920-86E0-4BDE-8C09-F237C171AD05}"
EndProject
Project("{FAE04EC0-301F-11D3-BF4B-00C04F79EFBC}") = "DataAccessLayer_DLVD", "..\DataAccessLayer_DLVD\DataAccessLayer_DLVD.csproj", "{13A5B6EE-E04F-4D37-BDE1-A90760DF87C1}"
EndProject
Project("{FAE04EC0-301F-11D3-BF4B-00C04F79EFBC}") = "BusinessLayer_DLVD", "..\BusinessLayer\BusinessLayer_DLVD.csproj", "{D1C0E84E-CC5A-407E-9DB3-67BE20254E04}"
EndProject
Global
	GlobalSection(SolutionConfigurationPlatforms) = preSolution
		Debug|Any CPU = Debug|Any CPU
		Release|Any CPU = Release|Any CPU
	EndGlobalSection
	GlobalSection(ProjectConfigurationPlatforms) = postSolution
		{935D0920-86E0-4BDE-8C09-F237C171AD05}.Debug|Any CPU.ActiveCfg = Debug|Any CPU
		{935D0920-86E0-4BDE-8C09-F237C171AD05}.Debug|Any CPU.Build.0 = Debug|Any CPU
		{935D0920-86E0-4BDE-8C09-F237C171AD05}.Release|Any CPU.ActiveCfg = Release|Any CPU
		{935D0920-86E0-4BDE-8C09-F237C171AD05}.Release|Any CPU.Build.0 = Release|Any CPU
		{13A5B6EE-E04F-4D37-BDE1-A90760DF87C1}.Debug|Any CPU.ActiveCfg = Debug|Any CPU
		{13A5B6EE-E04F-4D37-BDE1-A90760DF87C1}.Debug|Any CPU.Build.0 = Debug|Any CPU
		{13A5B6EE-E04F-4D37-BDE1-A90760DF87C1}.Release|Any CPU.ActiveCfg = Release|Any CPU
		{13A5B6EE-E04F-4D37-BDE1-A90760DF87C1}.Release|Any CPU.Build.0 = Release|Any CPU
		{D1C0E84E-CC5A-407E-9DB3-67BE20254E04}.Debug|Any CPU.ActiveCfg = Debug|Any CPU
		{D1C0E84E-CC5A-407E-9DB3-67BE20254E04}.Debug|Any CPU.Build.0 = Debug|Any CPU
		{D1C0E84E-CC5A-407E-9DB3-67BE20254E04}.Release|Any CPU.ActiveCfg = Release|Any CPU
		{D1C0E84E-CC5A-407E-9DB3-67BE20254E04}.Release|Any CPU.Build.0 = Release|Any CPU
	EndGlobalSection
	GlobalSection(SolutionProperties) = preSolution
		HideSolutionNode = FALSE
	EndGlobalSection
EndGlobal
